
Microsoft Visual Studio Solution File, Format Version 12.00
# Visual Studio Version 16
VisualStudioVersion = 16.0.28803.202
MinimumVisualStudioVersion = 10.0.40219.1
Project("{FAE04EC0-301F-11D3-BF4B-00C04F79EFBC}") = "Piskvorky", "Piskvorky\Piskvorky.csproj", "{847D026E-06D7-4ED4-A869-98522E1EDE68}"
EndProject
Global
	GlobalSection(SolutionConfigurationPlatforms) = preSolution
		Debug|Any CPU = Debug|Any CPU
		Release|Any CPU = Release|Any CPU
	EndGlobalSection
	GlobalSection(ProjectConfigurationPlatforms) = postSolution
		{847D026E-06D7-4ED4-A869-98522E1EDE68}.Debug|Any CPU.ActiveCfg = Debug|Any CPU
		{847D026E-06D7-4ED4-A869-98522E1EDE68}.Debug|Any CPU.Build.0 = Debug|Any CPU
		{847D026E-06D7-4ED4-A869-98522E1EDE68}.Release|Any CPU.ActiveCfg = Release|Any CPU
		{847D026E-06D7-4ED4-A869-98522E1EDE68}.Release|Any CPU.Build.0 = Release|Any CPU
	EndGlobalSection
	GlobalSection(SolutionProperties) = preSolution
		HideSolutionNode = FALSE
	EndGlobalSection
	GlobalSection(ExtensibilityGlobals) = postSolution
		SolutionGuid = {8F66835C-60C3-4E4A-96D4-B15D067456D7}
	EndGlobalSection
EndGlobal
